// !$*UTF8*$!
{
	archiveVersion = 1;
	classes = {
	};
	objectVersion = 46;
	objects = {

/* Begin PBXBuildFile section */
		09FC94E620B3FE32006851F9 /* AppDelegate.swift in Sources */ = {isa = PBXBuildFile; fileRef = 09FC94E520B3FE32006851F9 /* AppDelegate.swift */; };
		09FC94E820B3FE32006851F9 /* ViewController.swift in Sources */ = {isa = PBXBuildFile; fileRef = 09FC94E720B3FE32006851F9 /* ViewController.swift */; };
		09FC94EB20B3FE32006851F9 /* Main.storyboard in Resources */ = {isa = PBXBuildFile; fileRef = 09FC94E920B3FE32006851F9 /* Main.storyboard */; };
		09FC94ED20B3FE32006851F9 /* Assets.xcassets in Resources */ = {isa = PBXBuildFile; fileRef = 09FC94EC20B3FE32006851F9 /* Assets.xcassets */; };
		09FC94F020B3FE32006851F9 /* LaunchScreen.storyboard in Resources */ = {isa = PBXBuildFile; fileRef = 09FC94EE20B3FE32006851F9 /* LaunchScreen.storyboard */; };
/* End PBXBuildFile section */

/* Begin PBXFileReference section */
		09FC94E220B3FE32006851F9 /* What's the Weather.app */ = {isa = PBXFileReference; explicitFileType = wrapper.application; includeInIndex = 0; path = "What's the Weather.app"; sourceTree = BUILT_PRODUCTS_DIR; };
		09FC94E520B3FE32006851F9 /* AppDelegate.swift */ = {isa = PBXFileReference; lastKnownFileType = sourcecode.swift; path = AppDelegate.swift; sourceTree = "<group>"; };
		09FC94E720B3FE32006851F9 /* ViewController.swift */ = {isa = PBXFileReference; lastKnownFileType = sourcecode.swift; path = ViewController.swift; sourceTree = "<group>"; };
		09FC94EA20B3FE32006851F9 /* Base */ = {isa = PBXFileReference; lastKnownFileType = file.storyboard; name = Base; path = Base.lproj/Main.storyboard; sourceTree = "<group>"; };
		09FC94EC20B3FE32006851F9 /* Assets.xcassets */ = {isa = PBXFileReference; lastKnownFileType = folder.assetcatalog; path = Assets.xcassets; sourceTree = "<group>"; };
		09FC94EF20B3FE32006851F9 /* Base */ = {isa = PBXFileReference; lastKnownFileType = file.storyboard; name = Base; path = Base.lproj/LaunchScreen.storyboard; sourceTree = "<group>"; };
		09FC94F120B3FE32006851F9 /* Info.plist */ = {isa = PBXFileReference; lastKnownFileType = text.plist.xml; path = Info.plist; sourceTree = "<group>"; };
/* End PBXFileReference section */

/* Begin PBXFrameworksBuildPhase section */
		09FC94DF20B3FE32006851F9 /* Frameworks */ = {
			isa = PBXFrameworksBuildPhase;
			buildActionMask = 2147483647;
			files = (
			);
			runOnlyForDeploymentPostprocessing = 0;
		};
/* End PBXFrameworksBuildPhase section */

/* Begin PBXGroup section */
		09FC94D920B3FE32006851F9 = {
			isa = PBXGroup;
			children = (
				09FC94E420B3FE32006851F9 /* What's the Weather */,
				09FC94E320B3FE32006851F9 /* Products */,
			);
			sourceTree = "<group>";
		};
		09FC94E320B3FE32006851F9 /* Products */ = {
			isa = PBXGroup;
			children = (
				09FC94E220B3FE32006851F9 /* What's the Weather.app */,
			);
			name = Products;
			sourceTree = "<group>";
		};
		09FC94E420B3FE32006851F9 /* What's the Weather */ = {
			isa = PBXGroup;
			children = (
				09FC94E520B3FE32006851F9 /* AppDelegate.swift */,
				09FC94E720B3FE32006851F9 /* ViewController.swift */,
				09FC94E920B3FE32006851F9 /* Main.storyboard */,
				09FC94EC20B3FE32006851F9 /* Assets.xcassets */,
				09FC94EE20B3FE32006851F9 /* LaunchScreen.storyboard */,
				09FC94F120B3FE32006851F9 /* Info.plist */,
			);
			path = "What's the Weather";
			sourceTree = "<group>";
		};
/* End PBXGroup section */

/* Begin PBXNativeTarget section */
		09FC94E120B3FE32006851F9 /* What's the Weather */ = {
			isa = PBXNativeTarget;
			buildConfigurationList = 09FC94F420B3FE32006851F9 /* Build configuration list for PBXNativeTarget "What's the Weather" */;
			buildPhases = (
				09FC94DE20B3FE32006851F9 /* Sources */,
				09FC94DF20B3FE32006851F9 /* Frameworks */,
				09FC94E020B3FE32006851F9 /* Resources */,
			);
			buildRules = (
			);
			dependencies = (
			);
			name = "What's the Weather";
			productName = "What's the Weather";
			productReference = 09FC94E220B3FE32006851F9 /* What's the Weather.app */;
			productType = "com.apple.product-type.application";
		};
/* End PBXNativeTarget section */

/* Begin PBXProject section */
		09FC94DA20B3FE32006851F9 /* Project object */ = {
			isa = PBXProject;
			attributes = {
				LastSwiftUpdateCheck = 0820;
				LastUpgradeCheck = 0820;
				ORGANIZATIONNAME = Saurabh;
				TargetAttributes = {
					09FC94E120B3FE32006851F9 = {
						CreatedOnToolsVersion = 8.2.1;
						DevelopmentTeam = VB2XGJYLDZ;
						ProvisioningStyle = Automatic;
					};
				};
			};
			buildConfigurationList = 09FC94DD20B3FE32006851F9 /* Build configuration list for PBXProject "What's the Weather" */;
			compatibilityVersion = "Xcode 3.2";
			developmentRegion = English;
			hasScannedForEncodings = 0;
			knownRegions = (
				en,
				Base,
			);
			mainGroup = 09FC94D920B3FE32006851F9;
			productRefGroup = 09FC94E320B3FE32006851F9 /* Products */;
			projectDirPath = "";
			projectRoot = "";
			targets = (
				09FC94E120B3FE32006851F9 /* What's the Weather */,
			);
		};
/* End PBXProject section */

/* Begin PBXResourcesBuildPhase section */
		09FC94E020B3FE32006851F9 /* Resources */ = {
			isa = PBXResourcesBuildPhase;
			buildActionMask = 2147483647;
			files = (
				09FC94F020B3FE32006851F9 /* LaunchScreen.storyboard in Resources */,
				09FC94ED20B3FE32006851F9 /* Assets.xcassets in Resources */,
				09FC94EB20B3FE32006851F9 /* Main.storyboard in Resources */,
			);
			runOnlyForDeploymentPostprocessing = 0;
		};
/* End PBXResourcesBuildPhase section */

/* Begin PBXSourcesBuildPhase section */
		09FC94DE20B3FE32006851F9 /* Sources */ = {
			isa = PBXSourcesBuildPhase;
			buildActionMask = 2147483647;
			files = (
				09FC94E820B3FE32006851F9 /* ViewController.swift in Sources */,
				09FC94E620B3FE32006851F9 /* AppDelegate.swift in Sources */,
			);
			runOnlyForDeploymentPostprocessing = 0;
		};
/* End PBXSourcesBuildPhase section */

/* Begin PBXVariantGroup section */
		09FC94E920B3FE32006851F9 /* Main.storyboard */ = {
			isa = PBXVariantGroup;
			children = (
				09FC94EA20B3FE32006851F9 /* Base */,
			);
			name = Main.storyboard;
			sourceTree = "<group>";
		};
		09FC94EE20B3FE32006851F9 /* LaunchScreen.storyboard */ = {
			isa = PBXVariantGroup;
			children = (
				09FC94EF20B3FE32006851F9 /* Base */,
			);
			name = LaunchScreen.storyboard;
			sourceTree = "<group>";
		};
/* End PBXVariantGroup section */

/* Begin XCBuildConfiguration section */
		09FC94F220B3FE32006851F9 /* Debug */ = {
			isa = XCBuildConfiguration;
			buildSettings = {
				ALWAYS_SEARCH_USER_PATHS = NO;
				CLANG_ANALYZER_NONNULL = YES;
				CLANG_CXX_LANGUAGE_STANDARD = "gnu++0x";
				CLANG_CXX_LIBRARY = "libc++";
				CLANG_ENABLE_MODULES = YES;
				CLANG_ENABLE_OBJC_ARC = YES;
				CLANG_WARN_BOOL_CONVERSION = YES;
				CLANG_WARN_CONSTANT_CONVERSION = YES;
				CLANG_WARN_DIRECT_OBJC_ISA_USAGE = YES_ERROR;
				CLANG_WARN_DOCUMENTATION_COMMENTS = YES;
				CLANG_WARN_EMPTY_BODY = YES;
				CLANG_WARN_ENUM_CONVERSION = YES;
				CLANG_WARN_INFINITE_RECURSION = YES;
				CLANG_WARN_INT_CONVERSION = YES;
				CLANG_WARN_OBJC_ROOT_CLASS = YES_ERROR;
				CLANG_WARN_SUSPICIOUS_MOVE = YES;
				CLANG_WARN_UNREACHABLE_CODE = YES;
				CLANG_WARN__DUPLICATE_METHOD_MATCH = YES;
				"CODE_SIGN_IDENTITY[sdk=iphoneos*]" = "iPhone Developer";
				COPY_PHASE_STRIP = NO;
				DEBUG_INFORMATION_FORMAT = dwarf;
				ENABLE_STRICT_OBJC_MSGSEND = YES;
				ENABLE_TESTABILITY = YES;
				GCC_C_LANGUAGE_STANDARD = gnu99;
				GCC_DYNAMIC_NO_PIC = NO;
				GCC_NO_COMMON_BLOCKS = YES;
				GCC_OPTIMIZATION_LEVEL = 0;
				GCC_PREPROCESSOR_DEFINITIONS = (
					"DEBUG=1",
					"$(inherited)",
				);
				GCC_WARN_64_TO_32_BIT_CONVERSION = YES;
				GCC_WARN_ABOUT_RETURN_TYPE = YES_ERROR;
				GCC_WARN_UNDECLARED_SELECTOR = YES;
				GCC_WARN_UNINITIALIZED_AUTOS = YES_AGGRESSIVE;
				GCC_WARN_UNUSED_FUNCTION = YES;
				GCC_WARN_UNUSED_VARIABLE = YES;
				IPHONEOS_DEPLOYMENT_TARGET = 10.2;
				MTL_ENABLE_DEBUG_INFO = YES;
				ONLY_ACTIVE_ARCH = YES;
				SDKROOT = iphoneos;
				SWIFT_ACTIVE_COMPILATION_CONDITIONS = DEBUG;
				SWIFT_OPTIMIZATION_LEVEL = "-Onone";
			};
			name = Debug;
		};
		09FC94F320B3FE32006851F9 /* Release */ = {
			isa = XCBuildConfiguration;
			buildSettings = {
				ALWAYS_SEARCH_USER_PATHS = NO;
				CLANG_ANALYZER_NONNULL = YES;
				CLANG_CXX_LANGUAGE_STANDARD = "gnu++0x";
				CLANG_CXX_LIBRARY = "libc++";
				CLANG_ENABLE_MODULES = YES;
				CLANG_ENABLE_OBJC_ARC = YES;
				CLANG_WARN_BOOL_CONVERSION = YES;
				CLANG_WARN_CONSTANT_CONVERSION = YES;
				CLANG_WARN_DIRECT_OBJC_ISA_USAGE = YES_ERROR;
				CLANG_WARN_DOCUMENTATION_COMMENTS = YES;
				CLANG_WARN_EMPTY_BODY = YES;
				CLANG_WARN_ENUM_CONVERSION = YES;
				CLANG_WARN_INFINITE_RECURSION = YES;
				CLANG_WARN_INT_CONVERSION = YES;
				CLANG_WARN_OBJC_ROOT_CLASS = YES_ERROR;
				CLANG_WARN_SUSPICIOUS_MOVE = YES;
				CLANG_WARN_UNREACHABLE_CODE = YES;
				CLANG_WARN__DUPLICATE_METHOD_MATCH = YES;
				"CODE_SIGN_IDENTITY[sdk=iphoneos*]" = "iPhone Developer";
				COPY_PHASE_STRIP = NO;
				DEBUG_INFORMATION_FORMAT = "dwarf-with-dsym";
				ENABLE_NS_ASSERTIONS = NO;
				ENABLE_STRICT_OBJC_MSGSEND = YES;
				GCC_C_LANGUAGE_STANDARD = gnu99;
				GCC_NO_COMMON_BLOCKS = YES;
				GCC_WARN_64_TO_32_BIT_CONVERSION = YES;
				GCC_WARN_ABOUT_RETURN_TYPE = YES_ERROR;
				GCC_WARN_UNDECLARED_SELECTOR = YES;
				GCC_WARN_UNINITIALIZED_AUTOS = YES_AGGRESSIVE;
				GCC_WARN_UNUSED_FUNCTION = YES;
				GCC_WARN_UNUSED_VARIABLE = YES;
				IPHONEOS_DEPLOYMENT_TARGET = 10.2;
				MTL_ENABLE_DEBUG_INFO = NO;
				SDKROOT = iphoneos;
				SWIFT_OPTIMIZATION_LEVEL = "-Owholemodule";
				VALIDATE_PRODUCT = YES;
			};
			name = Release;
		};
		09FC94F520B3FE32006851F9 /* Debug */ = {
			isa = XCBuildConfiguration;
			buildSettings = {
				ASSETCATALOG_COMPILER_APPICON_NAME = AppIcon;
				DEVELOPMENT_TEAM = VB2XGJYLDZ;
				INFOPLIST_FILE = "What's the Weather/Info.plist";
				LD_RUNPATH_SEARCH_PATHS = "$(inherited) @executable_path/Frameworks";
				PRODUCT_BUNDLE_IDENTIFIER = "com.saurabh.What-s-the-Weather";
				PRODUCT_NAME = "$(TARGET_NAME)";
				SWIFT_VERSION = 3.0;
			};
			name = Debug;
		};
		09FC94F620B3FE32006851F9 /* Release */ = {
			isa = XCBuildConfiguration;
			buildSettings = {
				ASSETCATALOG_COMPILER_APPICON_NAME = AppIcon;
				DEVELOPMENT_TEAM = VB2XGJYLDZ;
				INFOPLIST_FILE = "What's the Weather/Info.plist";
				LD_RUNPATH_SEARCH_PATHS = "$(inherited) @executable_path/Frameworks";
				PRODUCT_BUNDLE_IDENTIFIER = "com.saurabh.What-s-the-Weather";
				PRODUCT_NAME = "$(TARGET_NAME)";
				SWIFT_VERSION = 3.0;
			};
			name = Release;
		};
/* End XCBuildConfiguration section */

/* Begin XCConfigurationList section */
		09FC94DD20B3FE32006851F9 /* Build configuration list for PBXProject "What's the Weather" */ = {
			isa = XCConfigurationList;
			buildConfigurations = (
				09FC94F220B3FE32006851F9 /* Debug */,
				09FC94F320B3FE32006851F9 /* Release */,
			);
			defaultConfigurationIsVisible = 0;
			defaultConfigurationName = Release;
		};
		09FC94F420B3FE32006851F9 /* Build configuration list for PBXNativeTarget "What's the Weather" */ = {
			isa = XCConfigurationList;
			buildConfigurations = (
				09FC94F520B3FE32006851F9 /* Debug */,
				09FC94F620B3FE32006851F9 /* Release */,
			);
			defaultConfigurationIsVisible = 0;
		};
/* End XCConfigurationList section */
	};
	rootObject = 09FC94DA20B3FE32006851F9 /* Project object */;
}
